dependencies:
- name: info-service
  repository: file://../../service-info/charts
  version: 0.1.0
- name: management-service
  repository: file://../../service-management/charts
  version: 0.1.0
- name: database-document-pg
  repository: file://../database-document-pg
  version: 0.1.0
digest: sha256:90250944fe341a228261603b9f787e5ed5d8231b2847c9e43f1e748941291625
generated: "2024-01-21T16:57:53.234457+02:00"
